// !$*UTF8*$!
{
	archiveVersion = 1;
	classes = {
	};
	objectVersion = 55;
	objects = {

/* Begin PBXBuildFile section */
		14A650E928B089460098CAC4 /* AppDelegate.swift in Sources */ = {isa = PBXBuildFile; fileRef = 14A650E828B089460098CAC4 /* AppDelegate.swift */; };
		14A650EB28B089460098CAC4 /* SceneDelegate.swift in Sources */ = {isa = PBXBuildFile; fileRef = 14A650EA28B089460098CAC4 /* SceneDelegate.swift */; };
		14A650ED28B089460098CAC4 /* ViewController.swift in Sources */ = {isa = PBXBuildFile; fileRef = 14A650EC28B089460098CAC4 /* ViewController.swift */; };
		14A650F028B089460098CAC4 /* Main.storyboard in Resources */ = {isa = PBXBuildFile; fileRef = 14A650EE28B089460098CAC4 /* Main.storyboard */; };
		14A650F228B089470098CAC4 /* Assets.xcassets in Resources */ = {isa = PBXBuildFile; fileRef = 14A650F128B089470098CAC4 /* Assets.xcassets */; };
		14A650F528B089470098CAC4 /* LaunchScreen.storyboard in Resources */ = {isa = PBXBuildFile; fileRef = 14A650F328B089470098CAC4 /* LaunchScreen.storyboard */; };
		14A6510328B0905F0098CAC4 /* SnapKit in Frameworks */ = {isa = PBXBuildFile; productRef = 14A6510228B0905F0098CAC4 /* SnapKit */; };
		14A6510528B090800098CAC4 /* BaseViewController.swift in Sources */ = {isa = PBXBuildFile; fileRef = 14A6510428B090800098CAC4 /* BaseViewController.swift */; };
		14A6510728B0923C0098CAC4 /* NetflixMainViewController.swift in Sources */ = {isa = PBXBuildFile; fileRef = 14A6510628B0923C0098CAC4 /* NetflixMainViewController.swift */; };
		14A6510928B092700098CAC4 /* BaseView.swift in Sources */ = {isa = PBXBuildFile; fileRef = 14A6510828B092700098CAC4 /* BaseView.swift */; };
		14A6510B28B0932C0098CAC4 /* NetfliexMainView.swift in Sources */ = {isa = PBXBuildFile; fileRef = 14A6510A28B0932C0098CAC4 /* NetfliexMainView.swift */; };
		14A6510D28B0A0F80098CAC4 /* CustomButton.swift in Sources */ = {isa = PBXBuildFile; fileRef = 14A6510C28B0A0F80098CAC4 /* CustomButton.swift */; };
		14A6510F28B0AE660098CAC4 /* CustomImageView.swift in Sources */ = {isa = PBXBuildFile; fileRef = 14A6510E28B0AE660098CAC4 /* CustomImageView.swift */; };
/* End PBXBuildFile section */

/* Begin PBXFileReference section */
		14A650E528B089460098CAC4 /* NetflixCodeBase.app */ = {isa = PBXFileReference; explicitFileType = wrapper.application; includeInIndex = 0; path = NetflixCodeBase.app; sourceTree = BUILT_PRODUCTS_DIR; };
		14A650E828B089460098CAC4 /* AppDelegate.swift */ = {isa = PBXFileReference; lastKnownFileType = sourcecode.swift; path = AppDelegate.swift; sourceTree = "<group>"; };
		14A650EA28B089460098CAC4 /* SceneDelegate.swift */ = {isa = PBXFileReference; lastKnownFileType = sourcecode.swift; path = SceneDelegate.swift; sourceTree = "<group>"; };
		14A650EC28B089460098CAC4 /* ViewController.swift */ = {isa = PBXFileReference; lastKnownFileType = sourcecode.swift; path = ViewController.swift; sourceTree = "<group>"; };
		14A650EF28B089460098CAC4 /* Base */ = {isa = PBXFileReference; lastKnownFileType = file.storyboard; name = Base; path = Base.lproj/Main.storyboard; sourceTree = "<group>"; };
		14A650F128B089470098CAC4 /* Assets.xcassets */ = {isa = PBXFileReference; lastKnownFileType = folder.assetcatalog; path = Assets.xcassets; sourceTree = "<group>"; };
		14A650F428B089470098CAC4 /* Base */ = {isa = PBXFileReference; lastKnownFileType = file.storyboard; name = Base; path = Base.lproj/LaunchScreen.storyboard; sourceTree = "<group>"; };
		14A650F628B089470098CAC4 /* Info.plist */ = {isa = PBXFileReference; lastKnownFileType = text.plist.xml; path = Info.plist; sourceTree = "<group>"; };
		14A6510428B090800098CAC4 /* BaseViewController.swift */ = {isa = PBXFileReference; lastKnownFileType = sourcecode.swift; path = BaseViewController.swift; sourceTree = "<group>"; };
		14A6510628B0923C0098CAC4 /* NetflixMainViewController.swift */ = {isa = PBXFileReference; lastKnownFileType = sourcecode.swift; path = NetflixMainViewController.swift; sourceTree = "<group>"; };
		14A6510828B092700098CAC4 /* BaseView.swift */ = {isa = PBXFileReference; lastKnownFileType = sourcecode.swift; path = BaseView.swift; sourceTree = "<group>"; };
		14A6510A28B0932C0098CAC4 /* NetfliexMainView.swift */ = {isa = PBXFileReference; lastKnownFileType = sourcecode.swift; path = NetfliexMainView.swift; sourceTree = "<group>"; };
		14A6510C28B0A0F80098CAC4 /* CustomButton.swift */ = {isa = PBXFileReference; lastKnownFileType = sourcecode.swift; path = CustomButton.swift; sourceTree = "<group>"; };
		14A6510E28B0AE660098CAC4 /* CustomImageView.swift */ = {isa = PBXFileReference; lastKnownFileType = sourcecode.swift; path = CustomImageView.swift; sourceTree = "<group>"; };
/* End PBXFileReference section */

/* Begin PBXFrameworksBuildPhase section */
		14A650E228B089460098CAC4 /* Frameworks */ = {
			isa = PBXFrameworksBuildPhase;
			buildActionMask = 2147483647;
			files = (
				14A6510328B0905F0098CAC4 /* SnapKit in Frameworks */,
			);
			runOnlyForDeploymentPostprocessing = 0;
		};
/* End PBXFrameworksBuildPhase section */

/* Begin PBXGroup section */
		14A650DC28B089460098CAC4 = {
			isa = PBXGroup;
			children = (
				14A650E728B089460098CAC4 /* NetflixCodeBase */,
				14A650E628B089460098CAC4 /* Products */,
			);
			sourceTree = "<group>";
		};
		14A650E628B089460098CAC4 /* Products */ = {
			isa = PBXGroup;
			children = (
				14A650E528B089460098CAC4 /* NetflixCodeBase.app */,
			);
			name = Products;
			sourceTree = "<group>";
		};
		14A650E728B089460098CAC4 /* NetflixCodeBase */ = {
			isa = PBXGroup;
			children = (
				14A650FE28B08F7C0098CAC4 /* NetflixLogin */,
				14A650FD28B08F730098CAC4 /* NetflixMain */,
				14A650FC28B08F630098CAC4 /* Utility */,
				14A650E828B089460098CAC4 /* AppDelegate.swift */,
				14A650EA28B089460098CAC4 /* SceneDelegate.swift */,
				14A650EC28B089460098CAC4 /* ViewController.swift */,
				14A650EE28B089460098CAC4 /* Main.storyboard */,
				14A650F128B089470098CAC4 /* Assets.xcassets */,
				14A650F328B089470098CAC4 /* LaunchScreen.storyboard */,
				14A650F628B089470098CAC4 /* Info.plist */,
			);
			path = NetflixCodeBase;
			sourceTree = "<group>";
		};
		14A650FC28B08F630098CAC4 /* Utility */ = {
			isa = PBXGroup;
			children = (
				14A6510028B08F9D0098CAC4 /* Base */,
				14A650FF28B08F950098CAC4 /* Custom */,
			);
			path = Utility;
			sourceTree = "<group>";
		};
		14A650FD28B08F730098CAC4 /* NetflixMain */ = {
			isa = PBXGroup;
			children = (
				14A6510628B0923C0098CAC4 /* NetflixMainViewController.swift */,
				14A6510A28B0932C0098CAC4 /* NetfliexMainView.swift */,
			);
			path = NetflixMain;
			sourceTree = "<group>";
		};
		14A650FE28B08F7C0098CAC4 /* NetflixLogin */ = {
			isa = PBXGroup;
			children = (
			);
			path = NetflixLogin;
			sourceTree = "<group>";
		};
		14A650FF28B08F950098CAC4 /* Custom */ = {
			isa = PBXGroup;
			children = (
				14A6510C28B0A0F80098CAC4 /* CustomButton.swift */,
				14A6510E28B0AE660098CAC4 /* CustomImageView.swift */,
			);
			path = Custom;
			sourceTree = "<group>";
		};
		14A6510028B08F9D0098CAC4 /* Base */ = {
			isa = PBXGroup;
			children = (
				14A6510428B090800098CAC4 /* BaseViewController.swift */,
				14A6510828B092700098CAC4 /* BaseView.swift */,
			);
			path = Base;
			sourceTree = "<group>";
		};
/* End PBXGroup section */

/* Begin PBXNativeTarget section */
		14A650E428B089460098CAC4 /* NetflixCodeBase */ = {
			isa = PBXNativeTarget;
			buildConfigurationList = 14A650F928B089470098CAC4 /* Build configuration list for PBXNativeTarget "NetflixCodeBase" */;
			buildPhases = (
				14A650E128B089460098CAC4 /* Sources */,
				14A650E228B089460098CAC4 /* Frameworks */,
				14A650E328B089460098CAC4 /* Resources */,
			);
			buildRules = (
			);
			dependencies = (
			);
			name = NetflixCodeBase;
			packageProductDependencies = (
				14A6510228B0905F0098CAC4 /* SnapKit */,
			);
			productName = NetflixCodeBase;
			productReference = 14A650E528B089460098CAC4 /* NetflixCodeBase.app */;
			productType = "com.apple.product-type.application";
		};
/* End PBXNativeTarget section */

/* Begin PBXProject section */
		14A650DD28B089460098CAC4 /* Project object */ = {
			isa = PBXProject;
			attributes = {
				BuildIndependentTargetsInParallel = 1;
				LastSwiftUpdateCheck = 1340;
				LastUpgradeCheck = 1340;
				TargetAttributes = {
					14A650E428B089460098CAC4 = {
						CreatedOnToolsVersion = 13.4.1;
					};
				};
			};
			buildConfigurationList = 14A650E028B089460098CAC4 /* Build configuration list for PBXProject "NetflixCodeBase" */;
			compatibilityVersion = "Xcode 13.0";
			developmentRegion = en;
			hasScannedForEncodings = 0;
			knownRegions = (
				en,
				Base,
			);
			mainGroup = 14A650DC28B089460098CAC4;
			packageReferences = (
				14A6510128B0905F0098CAC4 /* XCRemoteSwiftPackageReference "SnapKit" */,
			);
			productRefGroup = 14A650E628B089460098CAC4 /* Products */;
			projectDirPath = "";
			projectRoot = "";
			targets = (
				14A650E428B089460098CAC4 /* NetflixCodeBase */,
			);
		};
/* End PBXProject section */

/* Begin PBXResourcesBuildPhase section */
		14A650E328B089460098CAC4 /* Resources */ = {
			isa = PBXResourcesBuildPhase;
			buildActionMask = 2147483647;
			files = (
				14A650F528B089470098CAC4 /* LaunchScreen.storyboard in Resources */,
				14A650F228B089470098CAC4 /* Assets.xcassets in Resources */,
				14A650F028B089460098CAC4 /* Main.storyboard in Resources */,
			);
			runOnlyForDeploymentPostprocessing = 0;
		};
/* End PBXResourcesBuildPhase section */

/* Begin PBXSourcesBuildPhase section */
		14A650E128B089460098CAC4 /* Sources */ = {
			isa = PBXSourcesBuildPhase;
			buildActionMask = 2147483647;
			files = (
				14A650ED28B089460098CAC4 /* ViewController.swift in Sources */,
				14A6510F28B0AE660098CAC4 /* CustomImageView.swift in Sources */,
				14A6510528B090800098CAC4 /* BaseViewController.swift in Sources */,
				14A6510728B0923C0098CAC4 /* NetflixMainViewController.swift in Sources */,
				14A6510928B092700098CAC4 /* BaseView.swift in Sources */,
				14A6510D28B0A0F80098CAC4 /* CustomButton.swift in Sources */,
				14A650E928B089460098CAC4 /* AppDelegate.swift in Sources */,
				14A6510B28B0932C0098CAC4 /* NetfliexMainView.swift in Sources */,
				14A650EB28B089460098CAC4 /* SceneDelegate.swift in Sources */,
			);
			runOnlyForDeploymentPostprocessing = 0;
		};
/* End PBXSourcesBuildPhase section */

/* Begin PBXVariantGroup section */
		14A650EE28B089460098CAC4 /* Main.storyboard */ = {
			isa = PBXVariantGroup;
			children = (
				14A650EF28B089460098CAC4 /* Base */,
			);
			name = Main.storyboard;
			sourceTree = "<group>";
		};
		14A650F328B089470098CAC4 /* LaunchScreen.storyboard */ = {
			isa = PBXVariantGroup;
			children = (
				14A650F428B089470098CAC4 /* Base */,
			);
			name = LaunchScreen.storyboard;
			sourceTree = "<group>";
		};
/* End PBXVariantGroup section */

/* Begin XCBuildConfiguration section */
		14A650F728B089470098CAC4 /* Debug */ = {
			isa = XCBuildConfiguration;
			buildSettings = {
				ALWAYS_SEARCH_USER_PATHS = NO;
				CLANG_ANALYZER_NONNULL = YES;
				CLANG_ANALYZER_NUMBER_OBJECT_CONVERSION = YES_AGGRESSIVE;
				CLANG_CXX_LANGUAGE_STANDARD = "gnu++17";
				CLANG_ENABLE_MODULES = YES;
				CLANG_ENABLE_OBJC_ARC = YES;
				CLANG_ENABLE_OBJC_WEAK = YES;
				CLANG_WARN_BLOCK_CAPTURE_AUTORELEASING = YES;
				CLANG_WARN_BOOL_CONVERSION = YES;
				CLANG_WARN_COMMA = YES;
				CLANG_WARN_CONSTANT_CONVERSION = YES;
				CLANG_WARN_DEPRECATED_OBJC_IMPLEMENTATIONS = YES;
				CLANG_WARN_DIRECT_OBJC_ISA_USAGE = YES_ERROR;
				CLANG_WARN_DOCUMENTATION_COMMENTS = YES;
				CLANG_WARN_EMPTY_BODY = YES;
				CLANG_WARN_ENUM_CONVERSION = YES;
				CLANG_WARN_INFINITE_RECURSION = YES;
				CLANG_WARN_INT_CONVERSION = YES;
				CLANG_WARN_NON_LITERAL_NULL_CONVERSION = YES;
				CLANG_WARN_OBJC_IMPLICIT_RETAIN_SELF = YES;
				CLANG_WARN_OBJC_LITERAL_CONVERSION = YES;
				CLANG_WARN_OBJC_ROOT_CLASS = YES_ERROR;
				CLANG_WARN_QUOTED_INCLUDE_IN_FRAMEWORK_HEADER = YES;
				CLANG_WARN_RANGE_LOOP_ANALYSIS = YES;
				CLANG_WARN_STRICT_PROTOTYPES = YES;
				CLANG_WARN_SUSPICIOUS_MOVE = YES;
				CLANG_WARN_UNGUARDED_AVAILABILITY = YES_AGGRESSIVE;
				CLANG_WARN_UNREACHABLE_CODE = YES;
				CLANG_WARN__DUPLICATE_METHOD_MATCH = YES;
				COPY_PHASE_STRIP = NO;
				DEBUG_INFORMATION_FORMAT = dwarf;
				ENABLE_STRICT_OBJC_MSGSEND = YES;
				ENABLE_TESTABILITY = YES;
				GCC_C_LANGUAGE_STANDARD = gnu11;
				GCC_DYNAMIC_NO_PIC = NO;
				GCC_NO_COMMON_BLOCKS = YES;
				GCC_OPTIMIZATION_LEVEL = 0;
				GCC_PREPROCESSOR_DEFINITIONS = (
					"DEBUG=1",
					"$(inherited)",
				);
				GCC_WARN_64_TO_32_BIT_CONVERSION = YES;
				GCC_WARN_ABOUT_RETURN_TYPE = YES_ERROR;
				GCC_WARN_UNDECLARED_SELECTOR = YES;
				GCC_WARN_UNINITIALIZED_AUTOS = YES_AGGRESSIVE;
				GCC_WARN_UNUSED_FUNCTION = YES;
				GCC_WARN_UNUSED_VARIABLE = YES;
				IPHONEOS_DEPLOYMENT_TARGET = 15.5;
				MTL_ENABLE_DEBUG_INFO = INCLUDE_SOURCE;
				MTL_FAST_MATH = YES;
				ONLY_ACTIVE_ARCH = YES;
				SDKROOT = iphoneos;
				SWIFT_ACTIVE_COMPILATION_CONDITIONS = DEBUG;
				SWIFT_OPTIMIZATION_LEVEL = "-Onone";
			};
			name = Debug;
		};
		14A650F828B089470098CAC4 /* Release */ = {
			isa = XCBuildConfiguration;
			buildSettings = {
				ALWAYS_SEARCH_USER_PATHS = NO;
				CLANG_ANALYZER_NONNULL = YES;
				CLANG_ANALYZER_NUMBER_OBJECT_CONVERSION = YES_AGGRESSIVE;
				CLANG_CXX_LANGUAGE_STANDARD = "gnu++17";
				CLANG_ENABLE_MODULES = YES;
				CLANG_ENABLE_OBJC_ARC = YES;
				CLANG_ENABLE_OBJC_WEAK = YES;
				CLANG_WARN_BLOCK_CAPTURE_AUTORELEASING = YES;
				CLANG_WARN_BOOL_CONVERSION = YES;
				CLANG_WARN_COMMA = YES;
				CLANG_WARN_CONSTANT_CONVERSION = YES;
				CLANG_WARN_DEPRECATED_OBJC_IMPLEMENTATIONS = YES;
				CLANG_WARN_DIRECT_OBJC_ISA_USAGE = YES_ERROR;
				CLANG_WARN_DOCUMENTATION_COMMENTS = YES;
				CLANG_WARN_EMPTY_BODY = YES;
				CLANG_WARN_ENUM_CONVERSION = YES;
				CLANG_WARN_INFINITE_RECURSION = YES;
				CLANG_WARN_INT_CONVERSION = YES;
				CLANG_WARN_NON_LITERAL_NULL_CONVERSION = YES;
				CLANG_WARN_OBJC_IMPLICIT_RETAIN_SELF = YES;
				CLANG_WARN_OBJC_LITERAL_CONVERSION = YES;
				CLANG_WARN_OBJC_ROOT_CLASS = YES_ERROR;
				CLANG_WARN_QUOTED_INCLUDE_IN_FRAMEWORK_HEADER = YES;
				CLANG_WARN_RANGE_LOOP_ANALYSIS = YES;
				CLANG_WARN_STRICT_PROTOTYPES = YES;
				CLANG_WARN_SUSPICIOUS_MOVE = YES;
				CLANG_WARN_UNGUARDED_AVAILABILITY = YES_AGGRESSIVE;
				CLANG_WARN_UNREACHABLE_CODE = YES;
				CLANG_WARN__DUPLICATE_METHOD_MATCH = YES;
				COPY_PHASE_STRIP = NO;
				DEBUG_INFORMATION_FORMAT = "dwarf-with-dsym";
				ENABLE_NS_ASSERTIONS = NO;
				ENABLE_STRICT_OBJC_MSGSEND = YES;
				GCC_C_LANGUAGE_STANDARD = gnu11;
				GCC_NO_COMMON_BLOCKS = YES;
				GCC_WARN_64_TO_32_BIT_CONVERSION = YES;
				GCC_WARN_ABOUT_RETURN_TYPE = YES_ERROR;
				GCC_WARN_UNDECLARED_SELECTOR = YES;
				GCC_WARN_UNINITIALIZED_AUTOS = YES_AGGRESSIVE;
				GCC_WARN_UNUSED_FUNCTION = YES;
				GCC_WARN_UNUSED_VARIABLE = YES;
				IPHONEOS_DEPLOYMENT_TARGET = 15.5;
				MTL_ENABLE_DEBUG_INFO = NO;
				MTL_FAST_MATH = YES;
				SDKROOT = iphoneos;
				SWIFT_COMPILATION_MODE = wholemodule;
				SWIFT_OPTIMIZATION_LEVEL = "-O";
				VALIDATE_PRODUCT = YES;
			};
			name = Release;
		};
		14A650FA28B089470098CAC4 /* Debug */ = {
			isa = XCBuildConfiguration;
			buildSettings = {
				ASSETCATALOG_COMPILER_APPICON_NAME = AppIcon;
				ASSETCATALOG_COMPILER_GLOBAL_ACCENT_COLOR_NAME = AccentColor;
				CODE_SIGN_STYLE = Automatic;
				CURRENT_PROJECT_VERSION = 1;
				GENERATE_INFOPLIST_FILE = YES;
				INFOPLIST_FILE = NetflixCodeBase/Info.plist;
				INFOPLIST_KEY_UIApplicationSupportsIndirectInputEvents = YES;
				INFOPLIST_KEY_UILaunchStoryboardName = LaunchScreen;
				INFOPLIST_KEY_UIMainStoryboardFile = Main;
				INFOPLIST_KEY_UISupportedInterfaceOrientations_iPad = "UIInterfaceOrientationPortrait UIInterfaceOrientationPortraitUpsideDown UIInterfaceOrientationLandscapeLeft UIInterfaceOrientationLandscapeRight";
				INFOPLIST_KEY_UISupportedInterfaceOrientations_iPhone = "UIInterfaceOrientationPortrait UIInterfaceOrientationLandscapeLeft UIInterfaceOrientationLandscapeRight";
				LD_RUNPATH_SEARCH_PATHS = (
					"$(inherited)",
					"@executable_path/Frameworks",
				);
				MARKETING_VERSION = 1.0;
				PRODUCT_BUNDLE_IDENTIFIER = idhun90.NetflixCodeBase;
				PRODUCT_NAME = "$(TARGET_NAME)";
				SWIFT_EMIT_LOC_STRINGS = YES;
				SWIFT_VERSION = 5.0;
				TARGETED_DEVICE_FAMILY = "1,2";
			};
			name = Debug;
		};
		14A650FB28B089470098CAC4 /* Release */ = {
			isa = XCBuildConfiguration;
			buildSettings = {
				ASSETCATALOG_COMPILER_APPICON_NAME = AppIcon;
				ASSETCATALOG_COMPILER_GLOBAL_ACCENT_COLOR_NAME = AccentColor;
				CODE_SIGN_STYLE = Automatic;
				CURRENT_PROJECT_VERSION = 1;
				GENERATE_INFOPLIST_FILE = YES;
				INFOPLIST_FILE = NetflixCodeBase/Info.plist;
				INFOPLIST_KEY_UIApplicationSupportsIndirectInputEvents = YES;
				INFOPLIST_KEY_UILaunchStoryboardName = LaunchScreen;
				INFOPLIST_KEY_UIMainStoryboardFile = Main;
				INFOPLIST_KEY_UISupportedInterfaceOrientations_iPad = "UIInterfaceOrientationPortrait UIInterfaceOrientationPortraitUpsideDown UIInterfaceOrientationLandscapeLeft UIInterfaceOrientationLandscapeRight";
				INFOPLIST_KEY_UISupportedInterfaceOrientations_iPhone = "UIInterfaceOrientationPortrait UIInterfaceOrientationLandscapeLeft UIInterfaceOrientationLandscapeRight";
				LD_RUNPATH_SEARCH_PATHS = (
					"$(inherited)",
					"@executable_path/Frameworks",
				);
				MARKETING_VERSION = 1.0;
				PRODUCT_BUNDLE_IDENTIFIER = idhun90.NetflixCodeBase;
				PRODUCT_NAME = "$(TARGET_NAME)";
				SWIFT_EMIT_LOC_STRINGS = YES;
				SWIFT_VERSION = 5.0;
				TARGETED_DEVICE_FAMILY = "1,2";
			};
			name = Release;
		};
/* End XCBuildConfiguration section */

/* Begin XCConfigurationList section */
		14A650E028B089460098CAC4 /* Build configuration list for PBXProject "NetflixCodeBase" */ = {
			isa = XCConfigurationList;
			buildConfigurations = (
				14A650F728B089470098CAC4 /* Debug */,
				14A650F828B089470098CAC4 /* Release */,
			);
			defaultConfigurationIsVisible = 0;
			defaultConfigurationName = Release;
		};
		14A650F928B089470098CAC4 /* Build configuration list for PBXNativeTarget "NetflixCodeBase" */ = {
			isa = XCConfigurationList;
			buildConfigurations = (
				14A650FA28B089470098CAC4 /* Debug */,
				14A650FB28B089470098CAC4 /* Release */,
			);
			defaultConfigurationIsVisible = 0;
			defaultConfigurationName = Release;
		};
/* End XCConfigurationList section */

/* Begin XCRemoteSwiftPackageReference section */
		14A6510128B0905F0098CAC4 /* XCRemoteSwiftPackageReference "SnapKit" */ = {
			isa = XCRemoteSwiftPackageReference;
			repositoryURL = "https://github.com/SnapKit/SnapKit.git";
			requirement = {
				kind = upToNextMajorVersion;
				minimumVersion = 5.0.0;
			};
		};
/* End XCRemoteSwiftPackageReference section */

/* Begin XCSwiftPackageProductDependency section */
		14A6510228B0905F0098CAC4 /* SnapKit */ = {
			isa = XCSwiftPackageProductDependency;
			package = 14A6510128B0905F0098CAC4 /* XCRemoteSwiftPackageReference "SnapKit" */;
			productName = SnapKit;
		};
/* End XCSwiftPackageProductDependency section */
	};
	rootObject = 14A650DD28B089460098CAC4 /* Project object */;
}
